
Microsoft Visual Studio Solution File, Format Version 12.00
# Visual Studio Version 16
VisualStudioVersion = 16.0.31727.386
MinimumVisualStudioVersion = 10.0.40219.1
Project("{2150E333-8FDC-42A3-9474-1A3956D46DE8}") = "src", "src", "{144E0D26-2447-4BC7-91EC-4DDB1F1FCD08}"
EndProject
Project("{2150E333-8FDC-42A3-9474-1A3956D46DE8}") = "Api", "Api", "{105D932F-DDC8-4D0C-87AA-E8BAF8E7F704}"
EndProject
Project("{2150E333-8FDC-42A3-9474-1A3956D46DE8}") = "Client", "Client", "{F085D38E-D298-4D6E-BAE3-9274B7DAFB2A}"
EndProject
Project("{2150E333-8FDC-42A3-9474-1A3956D46DE8}") = "Common", "Common", "{6DF08337-6FA6-459F-A62F-AD8E1D04D0EA}"
EndProject
Project("{2150E333-8FDC-42A3-9474-1A3956D46DE8}") = "Core", "Core", "{40AB50BC-7CB0-4429-B051-1CF4B68915FA}"
EndProject
Project("{9A19103F-16F7-4668-BE54-9A1E7A4F7556}") = "PhoneBook.Data", "PhoneBook.Data\PhoneBook.Data.csproj", "{EBF2E683-F7B2-4133-AFA0-8EBDD7D0444A}"
EndProject
Project("{9A19103F-16F7-4668-BE54-9A1E7A4F7556}") = "PhoneBook.Services", "PhoneBook.Services\PhoneBook.Services.csproj", "{A83F7BD0-F65C-465D-857A-740D58385662}"
EndProject
Project("{9A19103F-16F7-4668-BE54-9A1E7A4F7556}") = "PhoneBook.Utils", "PhoneBook.Utils\PhoneBook.Utils.csproj", "{29C9A96D-BD2B-40EA-83B1-C06A7624A51D}"
EndProject
Project("{9A19103F-16F7-4668-BE54-9A1E7A4F7556}") = "PhoneBook.PersonOperationService", "PhoneBook.PersonOperationService\PhoneBook.PersonOperationService.csproj", "{33C4C579-CAAF-47DC-96D2-3F660642EEB8}"
EndProject
Project("{9A19103F-16F7-4668-BE54-9A1E7A4F7556}") = "PhoneBook.ReportService", "PhoneBook.ReportService\PhoneBook.ReportService.csproj", "{5B1BED92-4524-47CC-9D10-BE175C65107A}"
EndProject
Project("{9A19103F-16F7-4668-BE54-9A1E7A4F7556}") = "PhoneBook.Models", "PhoneBook.Models\PhoneBook.Models.csproj", "{E7643B30-7AF2-4909-9838-336E3FA8C30A}"
EndProject
Project("{9A19103F-16F7-4668-BE54-9A1E7A4F7556}") = "PhoneBook.WorkerService", "PhoneBook.WorkerService\PhoneBook.WorkerService.csproj", "{E613BEC5-1F5C-465C-AD95-D5B1DC40B280}"
EndProject
Project("{2150E333-8FDC-42A3-9474-1A3956D46DE8}") = "UnitTests", "UnitTests", "{2C8D8156-E063-47BC-BC92-C08BF587231A}"
EndProject
Project("{FAE04EC0-301F-11D3-BF4B-00C04F79EFBC}") = "PhoneBookXUnitTest", "PhoneBookXUnitTest\PhoneBookXUnitTest.csproj", "{A433B141-CB16-4789-8176-1178465AC212}"
EndProject
Global
	GlobalSection(SolutionConfigurationPlatforms) = preSolution
		Debug|Any CPU = Debug|Any CPU
		Release|Any CPU = Release|Any CPU
	EndGlobalSection
	GlobalSection(ProjectConfigurationPlatforms) = postSolution
		{EBF2E683-F7B2-4133-AFA0-8EBDD7D0444A}.Debug|Any CPU.ActiveCfg = Debug|Any CPU
		{EBF2E683-F7B2-4133-AFA0-8EBDD7D0444A}.Debug|Any CPU.Build.0 = Debug|Any CPU
		{EBF2E683-F7B2-4133-AFA0-8EBDD7D0444A}.Release|Any CPU.ActiveCfg = Release|Any CPU
		{EBF2E683-F7B2-4133-AFA0-8EBDD7D0444A}.Release|Any CPU.Build.0 = Release|Any CPU
		{A83F7BD0-F65C-465D-857A-740D58385662}.Debug|Any CPU.ActiveCfg = Debug|Any CPU
		{A83F7BD0-F65C-465D-857A-740D58385662}.Debug|Any CPU.Build.0 = Debug|Any CPU
		{A83F7BD0-F65C-465D-857A-740D58385662}.Release|Any CPU.ActiveCfg = Release|Any CPU
		{A83F7BD0-F65C-465D-857A-740D58385662}.Release|Any CPU.Build.0 = Release|Any CPU
		{29C9A96D-BD2B-40EA-83B1-C06A7624A51D}.Debug|Any CPU.ActiveCfg = Debug|Any CPU
		{29C9A96D-BD2B-40EA-83B1-C06A7624A51D}.Debug|Any CPU.Build.0 = Debug|Any CPU
		{29C9A96D-BD2B-40EA-83B1-C06A7624A51D}.Release|Any CPU.ActiveCfg = Release|Any CPU
		{29C9A96D-BD2B-40EA-83B1-C06A7624A51D}.Release|Any CPU.Build.0 = Release|Any CPU
		{33C4C579-CAAF-47DC-96D2-3F660642EEB8}.Debug|Any CPU.ActiveCfg = Debug|Any CPU
		{33C4C579-CAAF-47DC-96D2-3F660642EEB8}.Debug|Any CPU.Build.0 = Debug|Any CPU
		{33C4C579-CAAF-47DC-96D2-3F660642EEB8}.Release|Any CPU.ActiveCfg = Release|Any CPU
		{33C4C579-CAAF-47DC-96D2-3F660642EEB8}.Release|Any CPU.Build.0 = Release|Any CPU
		{5B1BED92-4524-47CC-9D10-BE175C65107A}.Debug|Any CPU.ActiveCfg = Debug|Any CPU
		{5B1BED92-4524-47CC-9D10-BE175C65107A}.Debug|Any CPU.Build.0 = Debug|Any CPU
		{5B1BED92-4524-47CC-9D10-BE175C65107A}.Release|Any CPU.ActiveCfg = Release|Any CPU
		{5B1BED92-4524-47CC-9D10-BE175C65107A}.Release|Any CPU.Build.0 = Release|Any CPU
		{E7643B30-7AF2-4909-9838-336E3FA8C30A}.Debug|Any CPU.ActiveCfg = Debug|Any CPU
		{E7643B30-7AF2-4909-9838-336E3FA8C30A}.Debug|Any CPU.Build.0 = Debug|Any CPU
		{E7643B30-7AF2-4909-9838-336E3FA8C30A}.Release|Any CPU.ActiveCfg = Release|Any CPU
		{E7643B30-7AF2-4909-9838-336E3FA8C30A}.Release|Any CPU.Build.0 = Release|Any CPU
		{E613BEC5-1F5C-465C-AD95-D5B1DC40B280}.Debug|Any CPU.ActiveCfg = Debug|Any CPU
		{E613BEC5-1F5C-465C-AD95-D5B1DC40B280}.Debug|Any CPU.Build.0 = Debug|Any CPU
		{E613BEC5-1F5C-465C-AD95-D5B1DC40B280}.Release|Any CPU.ActiveCfg = Release|Any CPU
		{E613BEC5-1F5C-465C-AD95-D5B1DC40B280}.Release|Any CPU.Build.0 = Release|Any CPU
		{A433B141-CB16-4789-8176-1178465AC212}.Debug|Any CPU.ActiveCfg = Debug|Any CPU
		{A433B141-CB16-4789-8176-1178465AC212}.Debug|Any CPU.Build.0 = Debug|Any CPU
		{A433B141-CB16-4789-8176-1178465AC212}.Release|Any CPU.ActiveCfg = Release|Any CPU
		{A433B141-CB16-4789-8176-1178465AC212}.Release|Any CPU.Build.0 = Release|Any CPU
	EndGlobalSection
	GlobalSection(SolutionProperties) = preSolution
		HideSolutionNode = FALSE
	EndGlobalSection
	GlobalSection(NestedProjects) = preSolution
		{105D932F-DDC8-4D0C-87AA-E8BAF8E7F704} = {144E0D26-2447-4BC7-91EC-4DDB1F1FCD08}
		{F085D38E-D298-4D6E-BAE3-9274B7DAFB2A} = {144E0D26-2447-4BC7-91EC-4DDB1F1FCD08}
		{6DF08337-6FA6-459F-A62F-AD8E1D04D0EA} = {144E0D26-2447-4BC7-91EC-4DDB1F1FCD08}
		{40AB50BC-7CB0-4429-B051-1CF4B68915FA} = {144E0D26-2447-4BC7-91EC-4DDB1F1FCD08}
		{EBF2E683-F7B2-4133-AFA0-8EBDD7D0444A} = {40AB50BC-7CB0-4429-B051-1CF4B68915FA}
		{A83F7BD0-F65C-465D-857A-740D58385662} = {40AB50BC-7CB0-4429-B051-1CF4B68915FA}
		{29C9A96D-BD2B-40EA-83B1-C06A7624A51D} = {6DF08337-6FA6-459F-A62F-AD8E1D04D0EA}
		{33C4C579-CAAF-47DC-96D2-3F660642EEB8} = {105D932F-DDC8-4D0C-87AA-E8BAF8E7F704}
		{5B1BED92-4524-47CC-9D10-BE175C65107A} = {105D932F-DDC8-4D0C-87AA-E8BAF8E7F704}
		{E7643B30-7AF2-4909-9838-336E3FA8C30A} = {6DF08337-6FA6-459F-A62F-AD8E1D04D0EA}
		{E613BEC5-1F5C-465C-AD95-D5B1DC40B280} = {105D932F-DDC8-4D0C-87AA-E8BAF8E7F704}
		{2C8D8156-E063-47BC-BC92-C08BF587231A} = {144E0D26-2447-4BC7-91EC-4DDB1F1FCD08}
		{A433B141-CB16-4789-8176-1178465AC212} = {2C8D8156-E063-47BC-BC92-C08BF587231A}
	EndGlobalSection
	GlobalSection(ExtensibilityGlobals) = postSolution
		SolutionGuid = {7F0D61A3-7A49-43C4-9CAB-39C389F81C4F}
	EndGlobalSection
EndGlobal
